
Microsoft Visual Studio Solution File, Format Version 12.00
# Visual Studio Version 16
VisualStudioVersion = 16.0.30717.126
MinimumVisualStudioVersion = 10.0.40219.1
Project("{9A19103F-16F7-4668-BE54-9A1E7A4F7556}") = "MonoGame LDtk Importer", "MonoGame LDtk Importer\MonoGame LDtk Importer.csproj", "{35D6440C-F5D6-4F7A-951F-5019CA026CCF}"
EndProject
Project("{9A19103F-16F7-4668-BE54-9A1E7A4F7556}") = "Example", "Example\Example.csproj", "{B74C7F15-43EA-47FD-8FC7-639D12A9B425}"
EndProject
Project("{FAE04EC0-301F-11D3-BF4B-00C04F79EFBC}") = "test", "test\test.csproj", "{F5B552E7-6596-499B-8B3B-119FBDE6C050}"
EndProject
Global
	GlobalSection(SolutionConfigurationPlatforms) = preSolution
		Debug|Any CPU = Debug|Any CPU
		Release|Any CPU = Release|Any CPU
	EndGlobalSection
	GlobalSection(ProjectConfigurationPlatforms) = postSolution
		{35D6440C-F5D6-4F7A-951F-5019CA026CCF}.Debug|Any CPU.ActiveCfg = Debug|Any CPU
		{35D6440C-F5D6-4F7A-951F-5019CA026CCF}.Debug|Any CPU.Build.0 = Debug|Any CPU
		{35D6440C-F5D6-4F7A-951F-5019CA026CCF}.Release|Any CPU.ActiveCfg = Release|Any CPU
		{35D6440C-F5D6-4F7A-951F-5019CA026CCF}.Release|Any CPU.Build.0 = Release|Any CPU
		{B74C7F15-43EA-47FD-8FC7-639D12A9B425}.Debug|Any CPU.ActiveCfg = Debug|Any CPU
		{B74C7F15-43EA-47FD-8FC7-639D12A9B425}.Debug|Any CPU.Build.0 = Debug|Any CPU
		{B74C7F15-43EA-47FD-8FC7-639D12A9B425}.Release|Any CPU.ActiveCfg = Release|Any CPU
		{B74C7F15-43EA-47FD-8FC7-639D12A9B425}.Release|Any CPU.Build.0 = Release|Any CPU
		{F5B552E7-6596-499B-8B3B-119FBDE6C050}.Debug|Any CPU.ActiveCfg = Debug|Any CPU
		{F5B552E7-6596-499B-8B3B-119FBDE6C050}.Debug|Any CPU.Build.0 = Debug|Any CPU
		{F5B552E7-6596-499B-8B3B-119FBDE6C050}.Release|Any CPU.ActiveCfg = Release|Any CPU
		{F5B552E7-6596-499B-8B3B-119FBDE6C050}.Release|Any CPU.Build.0 = Release|Any CPU
	EndGlobalSection
	GlobalSection(SolutionProperties) = preSolution
		HideSolutionNode = FALSE
	EndGlobalSection
	GlobalSection(ExtensibilityGlobals) = postSolution
		SolutionGuid = {DAB76584-3455-4BE1-B4E8-87AB7CD261BD}
	EndGlobalSection
EndGlobal
